
Microsoft Visual Studio Solution File, Format Version 12.00
# Visual Studio Version 16
VisualStudioVersion = 16.0.32929.386
MinimumVisualStudioVersion = 10.0.40219.1
Project("{9A19103F-16F7-4668-BE54-9A1E7A4F7556}") = "C8KJ98_ADT_2022_23_1.Client", "ABC123_ADT_2022_23_1.Client\C8KJ98_ADT_2022_23_1.Client.csproj", "{2C7CEAC5-EA05-4E20-97F4-12179B8DB865}"
EndProject
Project("{9A19103F-16F7-4668-BE54-9A1E7A4F7556}") = "C8KJ98_ADT_2022_23_1.Models", "C8KJ98_ADT_2022_23_1.Models\C8KJ98_ADT_2022_23_1.Models.csproj", "{478150FB-02C0-418C-89FD-B6A79F610513}"
EndProject
Project("{9A19103F-16F7-4668-BE54-9A1E7A4F7556}") = "C8KJ98_ADT_2022_23_1.Data", "C8KJ98_ADT_2022_23_1.Data\C8KJ98_ADT_2022_23_1.Data.csproj", "{E80851F0-8CA0-4A79-96F6-65E713EAA26E}"
EndProject
Project("{9A19103F-16F7-4668-BE54-9A1E7A4F7556}") = "C8KJ98_ADT_2022_23_1.Logic", "C8KJ98_ADT_2022_23_1.Logic\C8KJ98_ADT_2022_23_1.Logic.csproj", "{E8EB6BCF-3402-4C34-AE2C-230BC5610955}"
EndProject
Project("{9A19103F-16F7-4668-BE54-9A1E7A4F7556}") = "C8KJ98_ADT_2022_23_1.Repository", "C8KJ98_ADT_2022_23_1.Repository\C8KJ98_ADT_2022_23_1.Repository.csproj", "{0A9068AD-4E4F-45C4-B69A-CED9626D50A8}"
EndProject
Project("{9A19103F-16F7-4668-BE54-9A1E7A4F7556}") = "C8KJ98_ADT_2022_23_1.Test", "C8KJ98_ADT_2022_23_1.Test\C8KJ98_ADT_2022_23_1.Test.csproj", "{53A3790B-3EEE-4ADB-9373-56BDDBD4F623}"
EndProject
Project("{9A19103F-16F7-4668-BE54-9A1E7A4F7556}") = "C8KJ98_ADT_2022_23_1.Endpoint", "C8KJ98_ADT_2022_23_1.Endpoint\C8KJ98_ADT_2022_23_1.Endpoint.csproj", "{99F63235-E24B-4384-A3DB-D4A4A899704A}"
EndProject
Project("{2150E333-8FDC-42A3-9474-1A3956D46DE8}") = "Backend", "Backend", "{DC442A00-475A-40D4-9F0A-C2B226D934A6}"
EndProject
Project("{2150E333-8FDC-42A3-9474-1A3956D46DE8}") = "Frontend", "Frontend", "{5F282C3C-8DA5-4EC2-9609-4E27A1C8DACC}"
EndProject
Project("{2150E333-8FDC-42A3-9474-1A3956D46DE8}") = "Shared", "Shared", "{F4B1AFF9-3FFC-4D36-8592-14276FE7021F}"
EndProject
Project("{9A19103F-16F7-4668-BE54-9A1E7A4F7556}") = "C8KJ98_SGUI_2022_23_2.WpfClient", "C8KJ98_SGUI_2022_23_2.WpfClient\C8KJ98_SGUI_2022_23_2.WpfClient.csproj", "{5FCC53BD-D87E-4186-BB75-81BFC03FCAD2}"
EndProject
Project("{FAE04EC0-301F-11D3-BF4B-00C04F79EFBC}") = "C8KJ98_SGUI_2022_23_2.JSClient", "C8KJ98_SGUI_2022_23_2.JSClient\C8KJ98_SGUI_2022_23_2.JSClient.csproj", "{9EDC527B-2EFE-4EB2-94B0-367504217FB1}"
EndProject
Global
	GlobalSection(SolutionConfigurationPlatforms) = preSolution
		Debug|Any CPU = Debug|Any CPU
		Release|Any CPU = Release|Any CPU
	EndGlobalSection
	GlobalSection(ProjectConfigurationPlatforms) = postSolution
		{2C7CEAC5-EA05-4E20-97F4-12179B8DB865}.Debug|Any CPU.ActiveCfg = Debug|Any CPU
		{2C7CEAC5-EA05-4E20-97F4-12179B8DB865}.Debug|Any CPU.Build.0 = Debug|Any CPU
		{2C7CEAC5-EA05-4E20-97F4-12179B8DB865}.Release|Any CPU.ActiveCfg = Release|Any CPU
		{2C7CEAC5-EA05-4E20-97F4-12179B8DB865}.Release|Any CPU.Build.0 = Release|Any CPU
		{478150FB-02C0-418C-89FD-B6A79F610513}.Debug|Any CPU.ActiveCfg = Debug|Any CPU
		{478150FB-02C0-418C-89FD-B6A79F610513}.Debug|Any CPU.Build.0 = Debug|Any CPU
		{478150FB-02C0-418C-89FD-B6A79F610513}.Release|Any CPU.ActiveCfg = Release|Any CPU
		{478150FB-02C0-418C-89FD-B6A79F610513}.Release|Any CPU.Build.0 = Release|Any CPU
		{E80851F0-8CA0-4A79-96F6-65E713EAA26E}.Debug|Any CPU.ActiveCfg = Debug|Any CPU
		{E80851F0-8CA0-4A79-96F6-65E713EAA26E}.Debug|Any CPU.Build.0 = Debug|Any CPU
		{E80851F0-8CA0-4A79-96F6-65E713EAA26E}.Release|Any CPU.ActiveCfg = Release|Any CPU
		{E80851F0-8CA0-4A79-96F6-65E713EAA26E}.Release|Any CPU.Build.0 = Release|Any CPU
		{E8EB6BCF-3402-4C34-AE2C-230BC5610955}.Debug|Any CPU.ActiveCfg = Debug|Any CPU
		{E8EB6BCF-3402-4C34-AE2C-230BC5610955}.Debug|Any CPU.Build.0 = Debug|Any CPU
		{E8EB6BCF-3402-4C34-AE2C-230BC5610955}.Release|Any CPU.ActiveCfg = Release|Any CPU
		{E8EB6BCF-3402-4C34-AE2C-230BC5610955}.Release|Any CPU.Build.0 = Release|Any CPU
		{0A9068AD-4E4F-45C4-B69A-CED9626D50A8}.Debug|Any CPU.ActiveCfg = Debug|Any CPU
		{0A9068AD-4E4F-45C4-B69A-CED9626D50A8}.Debug|Any CPU.Build.0 = Debug|Any CPU
		{0A9068AD-4E4F-45C4-B69A-CED9626D50A8}.Release|Any CPU.ActiveCfg = Release|Any CPU
		{0A9068AD-4E4F-45C4-B69A-CED9626D50A8}.Release|Any CPU.Build.0 = Release|Any CPU
		{53A3790B-3EEE-4ADB-9373-56BDDBD4F623}.Debug|Any CPU.ActiveCfg = Debug|Any CPU
		{53A3790B-3EEE-4ADB-9373-56BDDBD4F623}.Debug|Any CPU.Build.0 = Debug|Any CPU
		{53A3790B-3EEE-4ADB-9373-56BDDBD4F623}.Release|Any CPU.ActiveCfg = Release|Any CPU
		{53A3790B-3EEE-4ADB-9373-56BDDBD4F623}.Release|Any CPU.Build.0 = Release|Any CPU
		{99F63235-E24B-4384-A3DB-D4A4A899704A}.Debug|Any CPU.ActiveCfg = Debug|Any CPU
		{99F63235-E24B-4384-A3DB-D4A4A899704A}.Debug|Any CPU.Build.0 = Debug|Any CPU
		{99F63235-E24B-4384-A3DB-D4A4A899704A}.Release|Any CPU.ActiveCfg = Release|Any CPU
		{99F63235-E24B-4384-A3DB-D4A4A899704A}.Release|Any CPU.Build.0 = Release|Any CPU
		{5FCC53BD-D87E-4186-BB75-81BFC03FCAD2}.Debug|Any CPU.ActiveCfg = Debug|Any CPU
		{5FCC53BD-D87E-4186-BB75-81BFC03FCAD2}.Debug|Any CPU.Build.0 = Debug|Any CPU
		{5FCC53BD-D87E-4186-BB75-81BFC03FCAD2}.Release|Any CPU.ActiveCfg = Release|Any CPU
		{5FCC53BD-D87E-4186-BB75-81BFC03FCAD2}.Release|Any CPU.Build.0 = Release|Any CPU
		{9EDC527B-2EFE-4EB2-94B0-367504217FB1}.Debug|Any CPU.ActiveCfg = Debug|Any CPU
		{9EDC527B-2EFE-4EB2-94B0-367504217FB1}.Debug|Any CPU.Build.0 = Debug|Any CPU
		{9EDC527B-2EFE-4EB2-94B0-367504217FB1}.Release|Any CPU.ActiveCfg = Release|Any CPU
		{9EDC527B-2EFE-4EB2-94B0-367504217FB1}.Release|Any CPU.Build.0 = Release|Any CPU
	EndGlobalSection
	GlobalSection(SolutionProperties) = preSolution
		HideSolutionNode = FALSE
	EndGlobalSection
	GlobalSection(NestedProjects) = preSolution
		{2C7CEAC5-EA05-4E20-97F4-12179B8DB865} = {5F282C3C-8DA5-4EC2-9609-4E27A1C8DACC}
		{478150FB-02C0-418C-89FD-B6A79F610513} = {F4B1AFF9-3FFC-4D36-8592-14276FE7021F}
		{E80851F0-8CA0-4A79-96F6-65E713EAA26E} = {DC442A00-475A-40D4-9F0A-C2B226D934A6}
		{E8EB6BCF-3402-4C34-AE2C-230BC5610955} = {DC442A00-475A-40D4-9F0A-C2B226D934A6}
		{0A9068AD-4E4F-45C4-B69A-CED9626D50A8} = {DC442A00-475A-40D4-9F0A-C2B226D934A6}
		{53A3790B-3EEE-4ADB-9373-56BDDBD4F623} = {DC442A00-475A-40D4-9F0A-C2B226D934A6}
		{99F63235-E24B-4384-A3DB-D4A4A899704A} = {DC442A00-475A-40D4-9F0A-C2B226D934A6}
		{5FCC53BD-D87E-4186-BB75-81BFC03FCAD2} = {5F282C3C-8DA5-4EC2-9609-4E27A1C8DACC}
		{9EDC527B-2EFE-4EB2-94B0-367504217FB1} = {5F282C3C-8DA5-4EC2-9609-4E27A1C8DACC}
	EndGlobalSection
	GlobalSection(ExtensibilityGlobals) = postSolution
		SolutionGuid = {B14ED8B0-E16D-4843-8918-4901F8AF72E0}
	EndGlobalSection
EndGlobal
